{
  "name": "bun-http-server",
  "lockfileVersion": 3,
  "requires": true,
  "packages": {
    "": {
      "name": "bun-http-server",
      "dependencies": {
        "figlet": "^1.7.0"
      },
      "devDependencies": {
        "@types/figlet": "^1.5.7",
        "bun-types": "latest"
      },
      "peerDependencies": {
        "typescript": "^5.0.0"
      }
    },
    "node_modules/@types/figlet": {
      "version": "1.5.7",
      "resolved": "https://registry.npmjs.org/@types/figlet/-/figlet-1.5.7.tgz",
      "integrity": "sha512-0+XwDLeH346mAl3fmw/AaEctBrhkcJl0wZezoNUQ5Tg6J5YW7xL2v9hH3Yg5L4dk/sogEdQexTrNncqjGKwoVw==",
      "dev": true
    },
    "node_modules/bun-types": {
      "version": "1.0.7",
      "resolved": "https://registry.npmjs.org/bun-types/-/bun-types-1.0.7.tgz",
      "integrity": "sha512-zlIp+SCutbbugs6xDy+3WC3KO3zKySpF/bRfiTk/VJUdKt+WHAzlCtLplS7XglRYDFzhRhlzXMW/R5BHkw+u2Q==",
      "dev": true
    },
    "node_modules/figlet": {
      "version": "1.7.0",
      "license": "MIT",
      "bin": {
        "figlet": "bin/index.js"
      },
      "engines": {
        "node": ">= 0.4.0"
      }
    },
    "node_modules/typescript": {
      "version": "5.2.2",
      "license": "Apache-2.0",
      "peer": true,
      "bin": {
        "tsc": "bin/tsc",
        "tsserver": "bin/tsserver"
      },
      "engines": {
        "node": ">=14.17"
      }
    }
  }
}
